
Microsoft Visual Studio Solution File, Format Version 12.00
# Visual Studio 15
VisualStudioVersion = 15.0.27004.2006
MinimumVisualStudioVersion = 10.0.40219.1
Project("{8BC9CEB8-8B4A-11D0-8D11-00A0C91BC942}") = "LionsVersusAntilopes", "LionsVersusAntilopes\LionsVersusAntilopes.vcxproj", "{F48B7E5C-4887-457D-A47E-1B7BE03BD653}"
EndProject
Global
	GlobalSection(SolutionConfigurationPlatforms) = preSolution
		Debug|ARM = Debug|ARM
		Debug|x64 = Debug|x64
		Debug|x86 = Debug|x86
		Release|ARM = Release|ARM
		Release|x64 = Release|x64
		Release|x86 = Release|x86
	EndGlobalSection
	GlobalSection(ProjectConfigurationPlatforms) = postSolution
		{F48B7E5C-4887-457D-A47E-1B7BE03BD653}.Debug|ARM.ActiveCfg = Debug|ARM
		{F48B7E5C-4887-457D-A47E-1B7BE03BD653}.Debug|ARM.Build.0 = Debug|ARM
		{F48B7E5C-4887-457D-A47E-1B7BE03BD653}.Debug|ARM.Deploy.0 = Debug|ARM
		{F48B7E5C-4887-457D-A47E-1B7BE03BD653}.Debug|x64.ActiveCfg = Debug|x64
		{F48B7E5C-4887-457D-A47E-1B7BE03BD653}.Debug|x64.Build.0 = Debug|x64
		{F48B7E5C-4887-457D-A47E-1B7BE03BD653}.Debug|x64.Deploy.0 = Debug|x64
		{F48B7E5C-4887-457D-A47E-1B7BE03BD653}.Debug|x86.ActiveCfg = Debug|Win32
		{F48B7E5C-4887-457D-A47E-1B7BE03BD653}.Debug|x86.Build.0 = Debug|Win32
		{F48B7E5C-4887-457D-A47E-1B7BE03BD653}.Debug|x86.Deploy.0 = Debug|Win32
		{F48B7E5C-4887-457D-A47E-1B7BE03BD653}.Release|ARM.ActiveCfg = Release|ARM
		{F48B7E5C-4887-457D-A47E-1B7BE03BD653}.Release|ARM.Build.0 = Release|ARM
		{F48B7E5C-4887-457D-A47E-1B7BE03BD653}.Release|ARM.Deploy.0 = Release|ARM
		{F48B7E5C-4887-457D-A47E-1B7BE03BD653}.Release|x64.ActiveCfg = Release|x64
		{F48B7E5C-4887-457D-A47E-1B7BE03BD653}.Release|x64.Build.0 = Release|x64
		{F48B7E5C-4887-457D-A47E-1B7BE03BD653}.Release|x64.Deploy.0 = Release|x64
		{F48B7E5C-4887-457D-A47E-1B7BE03BD653}.Release|x86.ActiveCfg = Release|Win32
		{F48B7E5C-4887-457D-A47E-1B7BE03BD653}.Release|x86.Build.0 = Release|Win32
		{F48B7E5C-4887-457D-A47E-1B7BE03BD653}.Release|x86.Deploy.0 = Release|Win32
	EndGlobalSection
	GlobalSection(SolutionProperties) = preSolution
		HideSolutionNode = FALSE
	EndGlobalSection
	GlobalSection(ExtensibilityGlobals) = postSolution
		SolutionGuid = {4E33A527-75AF-4C37-B281-E3DF5129E39F}
	EndGlobalSection
EndGlobal
